
Microsoft Visual Studio Solution File, Format Version 12.00
# Visual Studio Version 16
VisualStudioVersion = 16.0.29519.181
MinimumVisualStudioVersion = 10.0.40219.1
Project("{FAE04EC0-301F-11D3-BF4B-00C04F79EFBC}") = "I.C.E", "I.C.E\I.C.E\I.C.E.csproj", "{B0F7D15B-8470-437C-8131-CEC8E9EB75EB}"
EndProject
Project("{FAE04EC0-301F-11D3-BF4B-00C04F79EFBC}") = "I.C.E.Android", "I.C.E\I.C.E.Android\I.C.E.Android.csproj", "{6CD1C297-B7B5-4E51-B173-B03F62F4390E}"
EndProject
Project("{FAE04EC0-301F-11D3-BF4B-00C04F79EFBC}") = "I.C.E.iOS", "I.C.E\I.C.E.iOS\I.C.E.iOS.csproj", "{5BE0747F-4720-46D3-BB80-4C3A0C88E451}"
EndProject
Global
	GlobalSection(SolutionConfigurationPlatforms) = preSolution
		Ad-Hoc|Any CPU = Ad-Hoc|Any CPU
		Ad-Hoc|iPhone = Ad-Hoc|iPhone
		Ad-Hoc|iPhoneSimulator = Ad-Hoc|iPhoneSimulator
		AppStore|Any CPU = AppStore|Any CPU
		AppStore|iPhone = AppStore|iPhone
		AppStore|iPhoneSimulator = AppStore|iPhoneSimulator
		Debug|Any CPU = Debug|Any CPU
		Debug|iPhone = Debug|iPhone
		Debug|iPhoneSimulator = Debug|iPhoneSimulator
		Release|Any CPU = Release|Any CPU
		Release|iPhone = Release|iPhone
		Release|iPhoneSimulator = Release|iPhoneSimulator
	EndGlobalSection
	GlobalSection(ProjectConfigurationPlatforms) = postSolution
		{B0F7D15B-8470-437C-8131-CEC8E9EB75EB}.Ad-Hoc|Any CPU.ActiveCfg = Debug|Any CPU
		{B0F7D15B-8470-437C-8131-CEC8E9EB75EB}.Ad-Hoc|Any CPU.Build.0 = Debug|Any CPU
		{B0F7D15B-8470-437C-8131-CEC8E9EB75EB}.Ad-Hoc|iPhone.ActiveCfg = Debug|Any CPU
		{B0F7D15B-8470-437C-8131-CEC8E9EB75EB}.Ad-Hoc|iPhone.Build.0 = Debug|Any CPU
		{B0F7D15B-8470-437C-8131-CEC8E9EB75EB}.Ad-Hoc|iPhoneSimulator.ActiveCfg = Debug|Any CPU
		{B0F7D15B-8470-437C-8131-CEC8E9EB75EB}.Ad-Hoc|iPhoneSimulator.Build.0 = Debug|Any CPU
		{B0F7D15B-8470-437C-8131-CEC8E9EB75EB}.AppStore|Any CPU.ActiveCfg = Debug|Any CPU
		{B0F7D15B-8470-437C-8131-CEC8E9EB75EB}.AppStore|Any CPU.Build.0 = Debug|Any CPU
		{B0F7D15B-8470-437C-8131-CEC8E9EB75EB}.AppStore|iPhone.ActiveCfg = Debug|Any CPU
		{B0F7D15B-8470-437C-8131-CEC8E9EB75EB}.AppStore|iPhone.Build.0 = Debug|Any CPU
		{B0F7D15B-8470-437C-8131-CEC8E9EB75EB}.AppStore|iPhoneSimulator.ActiveCfg = Debug|Any CPU
		{B0F7D15B-8470-437C-8131-CEC8E9EB75EB}.AppStore|iPhoneSimulator.Build.0 = Debug|Any CPU
		{B0F7D15B-8470-437C-8131-CEC8E9EB75EB}.Debug|Any CPU.ActiveCfg = Debug|Any CPU
		{B0F7D15B-8470-437C-8131-CEC8E9EB75EB}.Debug|Any CPU.Build.0 = Debug|Any CPU
		{B0F7D15B-8470-437C-8131-CEC8E9EB75EB}.Debug|iPhone.ActiveCfg = Debug|Any CPU
		{B0F7D15B-8470-437C-8131-CEC8E9EB75EB}.Debug|iPhone.Build.0 = Debug|Any CPU
		{B0F7D15B-8470-437C-8131-CEC8E9EB75EB}.Debug|iPhoneSimulator.ActiveCfg = Debug|Any CPU
		{B0F7D15B-8470-437C-8131-CEC8E9EB75EB}.Debug|iPhoneSimulator.Build.0 = Debug|Any CPU
		{B0F7D15B-8470-437C-8131-CEC8E9EB75EB}.Release|Any CPU.ActiveCfg = Release|Any CPU
		{B0F7D15B-8470-437C-8131-CEC8E9EB75EB}.Release|Any CPU.Build.0 = Release|Any CPU
		{B0F7D15B-8470-437C-8131-CEC8E9EB75EB}.Release|iPhone.ActiveCfg = Release|Any CPU
		{B0F7D15B-8470-437C-8131-CEC8E9EB75EB}.Release|iPhone.Build.0 = Release|Any CPU
		{B0F7D15B-8470-437C-8131-CEC8E9EB75EB}.Release|iPhoneSimulator.ActiveCfg = Release|Any CPU
		{B0F7D15B-8470-437C-8131-CEC8E9EB75EB}.Release|iPhoneSimulator.Build.0 = Release|Any CPU
		{6CD1C297-B7B5-4E51-B173-B03F62F4390E}.Ad-Hoc|Any CPU.ActiveCfg = Release|Any CPU
		{6CD1C297-B7B5-4E51-B173-B03F62F4390E}.Ad-Hoc|Any CPU.Build.0 = Release|Any CPU
		{6CD1C297-B7B5-4E51-B173-B03F62F4390E}.Ad-Hoc|Any CPU.Deploy.0 = Release|Any CPU
		{6CD1C297-B7B5-4E51-B173-B03F62F4390E}.Ad-Hoc|iPhone.ActiveCfg = Release|Any CPU
		{6CD1C297-B7B5-4E51-B173-B03F62F4390E}.Ad-Hoc|iPhone.Build.0 = Release|Any CPU
		{6CD1C297-B7B5-4E51-B173-B03F62F4390E}.Ad-Hoc|iPhone.Deploy.0 = Release|Any CPU
		{6CD1C297-B7B5-4E51-B173-B03F62F4390E}.Ad-Hoc|iPhoneSimulator.ActiveCfg = Release|Any CPU
		{6CD1C297-B7B5-4E51-B173-B03F62F4390E}.Ad-Hoc|iPhoneSimulator.Build.0 = Release|Any CPU
		{6CD1C297-B7B5-4E51-B173-B03F62F4390E}.Ad-Hoc|iPhoneSimulator.Deploy.0 = Release|Any CPU
		{6CD1C297-B7B5-4E51-B173-B03F62F4390E}.AppStore|Any CPU.ActiveCfg = Release|Any CPU
		{6CD1C297-B7B5-4E51-B173-B03F62F4390E}.AppStore|Any CPU.Build.0 = Release|Any CPU
		{6CD1C297-B7B5-4E51-B173-B03F62F4390E}.AppStore|Any CPU.Deploy.0 = Release|Any CPU
		{6CD1C297-B7B5-4E51-B173-B03F62F4390E}.AppStore|iPhone.ActiveCfg = Release|Any CPU
		{6CD1C297-B7B5-4E51-B173-B03F62F4390E}.AppStore|iPhone.Build.0 = Release|Any CPU
		{6CD1C297-B7B5-4E51-B173-B03F62F4390E}.AppStore|iPhone.Deploy.0 = Release|Any CPU
		{6CD1C297-B7B5-4E51-B173-B03F62F4390E}.AppStore|iPhoneSimulator.ActiveCfg = Release|Any CPU
		{6CD1C297-B7B5-4E51-B173-B03F62F4390E}.AppStore|iPhoneSimulator.Build.0 = Release|Any CPU
		{6CD1C297-B7B5-4E51-B173-B03F62F4390E}.AppStore|iPhoneSimulator.Deploy.0 = Release|Any CPU
		{6CD1C297-B7B5-4E51-B173-B03F62F4390E}.Debug|Any CPU.ActiveCfg = Debug|Any CPU
		{6CD1C297-B7B5-4E51-B173-B03F62F4390E}.Debug|Any CPU.Build.0 = Debug|Any CPU
		{6CD1C297-B7B5-4E51-B173-B03F62F4390E}.Debug|Any CPU.Deploy.0 = Debug|Any CPU
		{6CD1C297-B7B5-4E51-B173-B03F62F4390E}.Debug|iPhone.ActiveCfg = Debug|Any CPU
		{6CD1C297-B7B5-4E51-B173-B03F62F4390E}.Debug|iPhone.Build.0 = Debug|Any CPU
		{6CD1C297-B7B5-4E51-B173-B03F62F4390E}.Debug|iPhone.Deploy.0 = Debug|Any CPU
		{6CD1C297-B7B5-4E51-B173-B03F62F4390E}.Debug|iPhoneSimulator.ActiveCfg = Debug|Any CPU
		{6CD1C297-B7B5-4E51-B173-B03F62F4390E}.Debug|iPhoneSimulator.Build.0 = Debug|Any CPU
		{6CD1C297-B7B5-4E51-B173-B03F62F4390E}.Debug|iPhoneSimulator.Deploy.0 = Debug|Any CPU
		{6CD1C297-B7B5-4E51-B173-B03F62F4390E}.Release|Any CPU.ActiveCfg = Release|Any CPU
		{6CD1C297-B7B5-4E51-B173-B03F62F4390E}.Release|Any CPU.Build.0 = Release|Any CPU
		{6CD1C297-B7B5-4E51-B173-B03F62F4390E}.Release|Any CPU.Deploy.0 = Release|Any CPU
		{6CD1C297-B7B5-4E51-B173-B03F62F4390E}.Release|iPhone.ActiveCfg = Release|Any CPU
		{6CD1C297-B7B5-4E51-B173-B03F62F4390E}.Release|iPhone.Build.0 = Release|Any CPU
		{6CD1C297-B7B5-4E51-B173-B03F62F4390E}.Release|iPhone.Deploy.0 = Release|Any CPU
		{6CD1C297-B7B5-4E51-B173-B03F62F4390E}.Release|iPhoneSimulator.ActiveCfg = Release|Any CPU
		{6CD1C297-B7B5-4E51-B173-B03F62F4390E}.Release|iPhoneSimulator.Build.0 = Release|Any CPU
		{6CD1C297-B7B5-4E51-B173-B03F62F4390E}.Release|iPhoneSimulator.Deploy.0 = Release|Any CPU
		{5BE0747F-4720-46D3-BB80-4C3A0C88E451}.Ad-Hoc|Any CPU.ActiveCfg = Ad-Hoc|iPhone
		{5BE0747F-4720-46D3-BB80-4C3A0C88E451}.Ad-Hoc|iPhone.ActiveCfg = Ad-Hoc|iPhone
		{5BE0747F-4720-46D3-BB80-4C3A0C88E451}.Ad-Hoc|iPhone.Build.0 = Ad-Hoc|iPhone
		{5BE0747F-4720-46D3-BB80-4C3A0C88E451}.Ad-Hoc|iPhoneSimulator.ActiveCfg = Ad-Hoc|iPhoneSimulator
		{5BE0747F-4720-46D3-BB80-4C3A0C88E451}.Ad-Hoc|iPhoneSimulator.Build.0 = Ad-Hoc|iPhoneSimulator
		{5BE0747F-4720-46D3-BB80-4C3A0C88E451}.AppStore|Any CPU.ActiveCfg = AppStore|iPhone
		{5BE0747F-4720-46D3-BB80-4C3A0C88E451}.AppStore|iPhone.ActiveCfg = AppStore|iPhone
		{5BE0747F-4720-46D3-BB80-4C3A0C88E451}.AppStore|iPhone.Build.0 = AppStore|iPhone
		{5BE0747F-4720-46D3-BB80-4C3A0C88E451}.AppStore|iPhoneSimulator.ActiveCfg = AppStore|iPhoneSimulator
		{5BE0747F-4720-46D3-BB80-4C3A0C88E451}.AppStore|iPhoneSimulator.Build.0 = AppStore|iPhoneSimulator
		{5BE0747F-4720-46D3-BB80-4C3A0C88E451}.Debug|Any CPU.ActiveCfg = Debug|iPhone
		{5BE0747F-4720-46D3-BB80-4C3A0C88E451}.Debug|iPhone.ActiveCfg = Debug|iPhone
		{5BE0747F-4720-46D3-BB80-4C3A0C88E451}.Debug|iPhone.Build.0 = Debug|iPhone
		{5BE0747F-4720-46D3-BB80-4C3A0C88E451}.Debug|iPhoneSimulator.ActiveCfg = Debug|iPhoneSimulator
		{5BE0747F-4720-46D3-BB80-4C3A0C88E451}.Debug|iPhoneSimulator.Build.0 = Debug|iPhoneSimulator
		{5BE0747F-4720-46D3-BB80-4C3A0C88E451}.Release|Any CPU.ActiveCfg = Release|iPhone
		{5BE0747F-4720-46D3-BB80-4C3A0C88E451}.Release|iPhone.ActiveCfg = Release|iPhone
		{5BE0747F-4720-46D3-BB80-4C3A0C88E451}.Release|iPhone.Build.0 = Release|iPhone
		{5BE0747F-4720-46D3-BB80-4C3A0C88E451}.Release|iPhoneSimulator.ActiveCfg = Release|iPhoneSimulator
		{5BE0747F-4720-46D3-BB80-4C3A0C88E451}.Release|iPhoneSimulator.Build.0 = Release|iPhoneSimulator
	EndGlobalSection
	GlobalSection(SolutionProperties) = preSolution
		HideSolutionNode = FALSE
	EndGlobalSection
	GlobalSection(ExtensibilityGlobals) = postSolution
		SolutionGuid = {E657A3CA-9C60-4463-B7D1-BB5CA32C6E5A}
	EndGlobalSection
EndGlobal
